
Microsoft Visual Studio Solution File, Format Version 12.00
# Visual Studio Version 17
VisualStudioVersion = 17.10.35004.147
MinimumVisualStudioVersion = 10.0.40219.1
Project("{FAE04EC0-301F-11D3-BF4B-00C04F79EFBC}") = "WebApiSimpleCode", "WebApiSimpleCode\WebApiSimpleCode.csproj", "{C16DFB38-4050-4C55-89CC-61F561B29650}"
EndProject
Global
	GlobalSection(SolutionConfigurationPlatforms) = preSolution
		Debug|Any CPU = Debug|Any CPU
		Release|Any CPU = Release|Any CPU
	EndGlobalSection
	GlobalSection(ProjectConfigurationPlatforms) = postSolution
		{C16DFB38-4050-4C55-89CC-61F561B29650}.Debug|Any CPU.ActiveCfg = Debug|Any CPU
		{C16DFB38-4050-4C55-89CC-61F561B29650}.Debug|Any CPU.Build.0 = Debug|Any CPU
		{C16DFB38-4050-4C55-89CC-61F561B29650}.Release|Any CPU.ActiveCfg = Release|Any CPU
		{C16DFB38-4050-4C55-89CC-61F561B29650}.Release|Any CPU.Build.0 = Release|Any CPU
	EndGlobalSection
	GlobalSection(SolutionProperties) = preSolution
		HideSolutionNode = FALSE
	EndGlobalSection
	GlobalSection(ExtensibilityGlobals) = postSolution
		SolutionGuid = {87BFFE3B-033C-4CBE-90D3-22DF411C01F7}
	EndGlobalSection
EndGlobal
