
Microsoft Visual Studio Solution File, Format Version 12.00
# Visual Studio Version 17
VisualStudioVersion = 17.10.35004.147
MinimumVisualStudioVersion = 10.0.40219.1
Project("{9A19103F-16F7-4668-BE54-9A1E7A4F7556}") = "WebAPISimpleCode", "WebAPISimpleCode\WebAPISimpleCode.csproj", "{80DEB457-1006-4E9D-A621-700E711EA350}"
EndProject
Project("{2150E333-8FDC-42A3-9474-1A3956D46DE8}") = "方案項目", "方案項目", "{1B5DF9E9-ACBF-4BFB-86FF-0B88D2837D07}"
	ProjectSection(SolutionItems) = preProject
		Document\CreateProject.md = Document\CreateProject.md
		README.md = README.md
	EndProjectSection
EndProject
Global
	GlobalSection(SolutionConfigurationPlatforms) = preSolution
		Debug|Any CPU = Debug|Any CPU
		Release|Any CPU = Release|Any CPU
	EndGlobalSection
	GlobalSection(ProjectConfigurationPlatforms) = postSolution
		{80DEB457-1006-4E9D-A621-700E711EA350}.Debug|Any CPU.ActiveCfg = Debug|Any CPU
		{80DEB457-1006-4E9D-A621-700E711EA350}.Debug|Any CPU.Build.0 = Debug|Any CPU
		{80DEB457-1006-4E9D-A621-700E711EA350}.Release|Any CPU.ActiveCfg = Release|Any CPU
		{80DEB457-1006-4E9D-A621-700E711EA350}.Release|Any CPU.Build.0 = Release|Any CPU
	EndGlobalSection
	GlobalSection(SolutionProperties) = preSolution
		HideSolutionNode = FALSE
	EndGlobalSection
	GlobalSection(ExtensibilityGlobals) = postSolution
		SolutionGuid = {4945122E-D596-4232-848E-2814E46E4182}
	EndGlobalSection
EndGlobal
